
Microsoft Visual Studio Solution File, Format Version 12.00
# Visual Studio 15
VisualStudioVersion = 15.0.28010.2019
MinimumVisualStudioVersion = 10.0.40219.1
Project("{FAE04EC0-301F-11D3-BF4B-00C04F79EFBC}") = "Monopoly", "Monopoly\Monopoly.csproj", "{F4F3DF5C-604A-4B05-BE6B-5368562EBD5C}"
EndProject
Project("{FAE04EC0-301F-11D3-BF4B-00C04F79EFBC}") = "MonopolyTests", "MonopolyTests\MonopolyTests.csproj", "{FAA764F4-FCA4-4D6C-8C2B-C07F7DB040C5}"
EndProject
Global
	GlobalSection(SolutionConfigurationPlatforms) = preSolution
		Debug|Any CPU = Debug|Any CPU
		Release|Any CPU = Release|Any CPU
	EndGlobalSection
	GlobalSection(ProjectConfigurationPlatforms) = postSolution
		{F4F3DF5C-604A-4B05-BE6B-5368562EBD5C}.Debug|Any CPU.ActiveCfg = Debug|Any CPU
		{F4F3DF5C-604A-4B05-BE6B-5368562EBD5C}.Debug|Any CPU.Build.0 = Debug|Any CPU
		{F4F3DF5C-604A-4B05-BE6B-5368562EBD5C}.Release|Any CPU.ActiveCfg = Release|Any CPU
		{F4F3DF5C-604A-4B05-BE6B-5368562EBD5C}.Release|Any CPU.Build.0 = Release|Any CPU
		{FAA764F4-FCA4-4D6C-8C2B-C07F7DB040C5}.Debug|Any CPU.ActiveCfg = Debug|Any CPU
		{FAA764F4-FCA4-4D6C-8C2B-C07F7DB040C5}.Debug|Any CPU.Build.0 = Debug|Any CPU
		{FAA764F4-FCA4-4D6C-8C2B-C07F7DB040C5}.Release|Any CPU.ActiveCfg = Release|Any CPU
		{FAA764F4-FCA4-4D6C-8C2B-C07F7DB040C5}.Release|Any CPU.Build.0 = Release|Any CPU
	EndGlobalSection
	GlobalSection(SolutionProperties) = preSolution
		HideSolutionNode = FALSE
	EndGlobalSection
	GlobalSection(ExtensibilityGlobals) = postSolution
		SolutionGuid = {42762AE8-D352-457F-907B-CA6A45FD84EB}
	EndGlobalSection
EndGlobal
